
Microsoft Visual Studio Solution File, Format Version 12.00
# Visual Studio Version 17
VisualStudioVersion = 17.0.31903.59
MinimumVisualStudioVersion = 10.0.40219.1
Project("{FAE04EC0-301F-11D3-BF4B-00C04F79EFBC}") = "Fina.Api", "Fina.Api\Fina.Api.csproj", "{0FD726E2-F118-4FD2-95E2-AFB2B104A76C}"
EndProject
Project("{FAE04EC0-301F-11D3-BF4B-00C04F79EFBC}") = "Fina.Core", "Fina.Core\Fina.Core.csproj", "{3A07B2B0-7776-42A3-BB48-B55EB360B44C}"
EndProject
Project("{FAE04EC0-301F-11D3-BF4B-00C04F79EFBC}") = "Fina.Web", "Fina.Web\Fina.Web.csproj", "{2886041E-1200-4999-BC3D-6D0738419B3B}"
EndProject
Global
	GlobalSection(SolutionConfigurationPlatforms) = preSolution
		Debug|Any CPU = Debug|Any CPU
		Release|Any CPU = Release|Any CPU
	EndGlobalSection
	GlobalSection(SolutionProperties) = preSolution
		HideSolutionNode = FALSE
	EndGlobalSection
	GlobalSection(ProjectConfigurationPlatforms) = postSolution
		{0FD726E2-F118-4FD2-95E2-AFB2B104A76C}.Debug|Any CPU.ActiveCfg = Debug|Any CPU
		{0FD726E2-F118-4FD2-95E2-AFB2B104A76C}.Debug|Any CPU.Build.0 = Debug|Any CPU
		{0FD726E2-F118-4FD2-95E2-AFB2B104A76C}.Release|Any CPU.ActiveCfg = Release|Any CPU
		{0FD726E2-F118-4FD2-95E2-AFB2B104A76C}.Release|Any CPU.Build.0 = Release|Any CPU
		{3A07B2B0-7776-42A3-BB48-B55EB360B44C}.Debug|Any CPU.ActiveCfg = Debug|Any CPU
		{3A07B2B0-7776-42A3-BB48-B55EB360B44C}.Debug|Any CPU.Build.0 = Debug|Any CPU
		{3A07B2B0-7776-42A3-BB48-B55EB360B44C}.Release|Any CPU.ActiveCfg = Release|Any CPU
		{3A07B2B0-7776-42A3-BB48-B55EB360B44C}.Release|Any CPU.Build.0 = Release|Any CPU
		{2886041E-1200-4999-BC3D-6D0738419B3B}.Debug|Any CPU.ActiveCfg = Debug|Any CPU
		{2886041E-1200-4999-BC3D-6D0738419B3B}.Debug|Any CPU.Build.0 = Debug|Any CPU
		{2886041E-1200-4999-BC3D-6D0738419B3B}.Release|Any CPU.ActiveCfg = Release|Any CPU
		{2886041E-1200-4999-BC3D-6D0738419B3B}.Release|Any CPU.Build.0 = Release|Any CPU
	EndGlobalSection
EndGlobal
